
Microsoft Visual Studio Solution File, Format Version 12.00
# Visual Studio 15
VisualStudioVersion = 15.0.26124.0
MinimumVisualStudioVersion = 15.0.26124.0
Project("{FAE04EC0-301F-11D3-BF4B-00C04F79EFBC}") = "SeizedGoodsManagement", "SeizedGoodsManagement\SeizedGoodsManagement.csproj", "{23DEBC86-24CE-4783-8BA5-FF865AAA1D49}"
EndProject
Project("{FAE04EC0-301F-11D3-BF4B-00C04F79EFBC}") = "SeizedGoodsManagement.Tests", "SeizedGoodsManagement.Tests\SeizedGoodsManagement.Tests.csproj", "{EC0B7EFB-7F61-41B8-8EF8-689271C4F38F}"
EndProject
Global
	GlobalSection(SolutionConfigurationPlatforms) = preSolution
		Debug|Any CPU = Debug|Any CPU
		Debug|x64 = Debug|x64
		Debug|x86 = Debug|x86
		Release|Any CPU = Release|Any CPU
		Release|x64 = Release|x64
		Release|x86 = Release|x86
	EndGlobalSection
	GlobalSection(SolutionProperties) = preSolution
		HideSolutionNode = FALSE
	EndGlobalSection
	GlobalSection(ProjectConfigurationPlatforms) = postSolution
		{23DEBC86-24CE-4783-8BA5-FF865AAA1D49}.Debug|Any CPU.ActiveCfg = Debug|Any CPU
		{23DEBC86-24CE-4783-8BA5-FF865AAA1D49}.Debug|Any CPU.Build.0 = Debug|Any CPU
		{23DEBC86-24CE-4783-8BA5-FF865AAA1D49}.Debug|x64.ActiveCfg = Debug|Any CPU
		{23DEBC86-24CE-4783-8BA5-FF865AAA1D49}.Debug|x64.Build.0 = Debug|Any CPU
		{23DEBC86-24CE-4783-8BA5-FF865AAA1D49}.Debug|x86.ActiveCfg = Debug|Any CPU
		{23DEBC86-24CE-4783-8BA5-FF865AAA1D49}.Debug|x86.Build.0 = Debug|Any CPU
		{23DEBC86-24CE-4783-8BA5-FF865AAA1D49}.Release|Any CPU.ActiveCfg = Release|Any CPU
		{23DEBC86-24CE-4783-8BA5-FF865AAA1D49}.Release|Any CPU.Build.0 = Release|Any CPU
		{23DEBC86-24CE-4783-8BA5-FF865AAA1D49}.Release|x64.ActiveCfg = Release|Any CPU
		{23DEBC86-24CE-4783-8BA5-FF865AAA1D49}.Release|x64.Build.0 = Release|Any CPU
		{23DEBC86-24CE-4783-8BA5-FF865AAA1D49}.Release|x86.ActiveCfg = Release|Any CPU
		{23DEBC86-24CE-4783-8BA5-FF865AAA1D49}.Release|x86.Build.0 = Release|Any CPU
		{EC0B7EFB-7F61-41B8-8EF8-689271C4F38F}.Debug|Any CPU.ActiveCfg = Debug|Any CPU
		{EC0B7EFB-7F61-41B8-8EF8-689271C4F38F}.Debug|Any CPU.Build.0 = Debug|Any CPU
		{EC0B7EFB-7F61-41B8-8EF8-689271C4F38F}.Debug|x64.ActiveCfg = Debug|Any CPU
		{EC0B7EFB-7F61-41B8-8EF8-689271C4F38F}.Debug|x64.Build.0 = Debug|Any CPU
		{EC0B7EFB-7F61-41B8-8EF8-689271C4F38F}.Debug|x86.ActiveCfg = Debug|Any CPU
		{EC0B7EFB-7F61-41B8-8EF8-689271C4F38F}.Debug|x86.Build.0 = Debug|Any CPU
		{EC0B7EFB-7F61-41B8-8EF8-689271C4F38F}.Release|Any CPU.ActiveCfg = Release|Any CPU
		{EC0B7EFB-7F61-41B8-8EF8-689271C4F38F}.Release|Any CPU.Build.0 = Release|Any CPU
		{EC0B7EFB-7F61-41B8-8EF8-689271C4F38F}.Release|x64.ActiveCfg = Release|Any CPU
		{EC0B7EFB-7F61-41B8-8EF8-689271C4F38F}.Release|x64.Build.0 = Release|Any CPU
		{EC0B7EFB-7F61-41B8-8EF8-689271C4F38F}.Release|x86.ActiveCfg = Release|Any CPU
		{EC0B7EFB-7F61-41B8-8EF8-689271C4F38F}.Release|x86.Build.0 = Release|Any CPU
	EndGlobalSection
EndGlobal
